{
  "name": "default-light-ui",
  "version": "3.0.0",
  "lockfileVersion": 3,
  "requires": true,
  "packages": {
    "": {
      "name": "default-light-ui",
      "version": "3.0.0",
      "license": "MIT",
      "devDependencies": {},
      "engines": {
        "inkdrop": "^5.8.0"
      }
    }
  }
}
